{
  "name": "reader",
  "version": "0.1.0",
  "lockfileVersion": 3,
  "requires": true,
  "packages": {
    "": {
      "name": "reader",
      "version": "0.1.0",
      "license": "MIT",
      "dependencies": {
        "gutter-md": "file:../aside-markdown",
        "markdown-it-emoji": "^3.1.0"
      },
      "bin": {
        "reader": "bin/reader.js"
      },
      "engines": {
        "node": ">=18"
      }
    },
    "../aside-markdown": {
      "name": "gutter-md",
      "version": "0.1.0",
      "license": "MIT",
      "dependencies": {
        "markdown-it": "^14.3.0"
      },
      "bin": {
        "gutter-md": "bin/gutter-md.js"
      },
      "engines": {
        "node": ">=18"
      },
      "optionalDependencies": {
        "puppeteer": "^24.10.0"
      }
    },
    "node_modules/gutter-md": {
      "resolved": "../aside-markdown",
      "link": true
    },
    "node_modules/markdown-it-emoji": {
      "version": "3.1.0",
      "resolved": "https://registry.npmjs.org/markdown-it-emoji/-/markdown-it-emoji-3.1.0.tgz",
      "integrity": "sha512-NhmMEH2ywduD4Nty1E8uB5NqfLhAT1VR0dyvoJyStKOqCzbZmVdn/+8wj7zpDsb/fLBikpCPsWwxqKlvMmbz4g==",
      "license": "MIT"
    }
  }
}
